
Microsoft Visual Studio Solution File, Format Version 12.00
# Visual Studio Version 16
VisualStudioVersion = 16.0.30711.63
MinimumVisualStudioVersion = 10.0.40219.1
Project("{9A19103F-16F7-4668-BE54-9A1E7A4F7556}") = "CarSimulation", "CarSimulation\CarSimulation.csproj", "{49FA2D21-04A5-4B7F-9F2A-3CA0E177B44E}"
EndProject
Global
	GlobalSection(SolutionConfigurationPlatforms) = preSolution
		Debug|Any CPU = Debug|Any CPU
		Debug|x86 = Debug|x86
		Release|Any CPU = Release|Any CPU
		Release|x86 = Release|x86
	EndGlobalSection
	GlobalSection(ProjectConfigurationPlatforms) = postSolution
		{49FA2D21-04A5-4B7F-9F2A-3CA0E177B44E}.Debug|Any CPU.ActiveCfg = Debug|Any CPU
		{49FA2D21-04A5-4B7F-9F2A-3CA0E177B44E}.Debug|Any CPU.Build.0 = Debug|Any CPU
		{49FA2D21-04A5-4B7F-9F2A-3CA0E177B44E}.Debug|x86.ActiveCfg = Debug|Any CPU
		{49FA2D21-04A5-4B7F-9F2A-3CA0E177B44E}.Debug|x86.Build.0 = Debug|Any CPU
		{49FA2D21-04A5-4B7F-9F2A-3CA0E177B44E}.Release|Any CPU.ActiveCfg = Release|Any CPU
		{49FA2D21-04A5-4B7F-9F2A-3CA0E177B44E}.Release|Any CPU.Build.0 = Release|Any CPU
		{49FA2D21-04A5-4B7F-9F2A-3CA0E177B44E}.Release|x86.ActiveCfg = Release|Any CPU
		{49FA2D21-04A5-4B7F-9F2A-3CA0E177B44E}.Release|x86.Build.0 = Release|Any CPU
	EndGlobalSection
	GlobalSection(SolutionProperties) = preSolution
		HideSolutionNode = FALSE
	EndGlobalSection
	GlobalSection(ExtensibilityGlobals) = postSolution
		SolutionGuid = {1B111382-2328-4AD7-9710-B7E7D6662133}
	EndGlobalSection
EndGlobal
